
Microsoft Visual Studio Solution File, Format Version 12.00
# Visual Studio 14
VisualStudioVersion = 14.0.25420.1
MinimumVisualStudioVersion = 10.0.40219.1
Project("{FAE04EC0-301F-11D3-BF4B-00C04F79EFBC}") = "WindowsApplication1", "WindowsApplication1\WindowsApplication1.csproj", "{B2575BFF-8673-4882-9BC0-2C33E30A3CAE}"
EndProject
Global
	GlobalSection(SolutionConfigurationPlatforms) = preSolution
		Debug|Any CPU = Debug|Any CPU
		Release|Any CPU = Release|Any CPU
	EndGlobalSection
	GlobalSection(ProjectConfigurationPlatforms) = postSolution
		{B2575BFF-8673-4882-9BC0-2C33E30A3CAE}.Debug|Any CPU.ActiveCfg = Debug|Any CPU
		{B2575BFF-8673-4882-9BC0-2C33E30A3CAE}.Debug|Any CPU.Build.0 = Debug|Any CPU
		{B2575BFF-8673-4882-9BC0-2C33E30A3CAE}.Release|Any CPU.ActiveCfg = Release|Any CPU
		{B2575BFF-8673-4882-9BC0-2C33E30A3CAE}.Release|Any CPU.Build.0 = Release|Any CPU
	EndGlobalSection
	GlobalSection(SolutionProperties) = preSolution
		HideSolutionNode = FALSE
	EndGlobalSection
EndGlobal
